
Microsoft Visual Studio Solution File, Format Version 12.00
# Visual Studio Version 17
VisualStudioVersion = 17.14.36915.13
MinimumVisualStudioVersion = 10.0.40219.1
Project("{FAE04EC0-301F-11D3-BF4B-00C04F79EFBC}") = "IrelandTaxTracker", "IrelandTaxTracker.csproj", "{ECB33C6D-8213-3197-4E7F-5AB71E0E7606}"
EndProject
Global
	GlobalSection(SolutionConfigurationPlatforms) = preSolution
		Debug|Any CPU = Debug|Any CPU
		Release|Any CPU = Release|Any CPU
	EndGlobalSection
	GlobalSection(ProjectConfigurationPlatforms) = postSolution
		{ECB33C6D-8213-3197-4E7F-5AB71E0E7606}.Debug|Any CPU.ActiveCfg = Debug|Any CPU
		{ECB33C6D-8213-3197-4E7F-5AB71E0E7606}.Debug|Any CPU.Build.0 = Debug|Any CPU
		{ECB33C6D-8213-3197-4E7F-5AB71E0E7606}.Release|Any CPU.ActiveCfg = Release|Any CPU
		{ECB33C6D-8213-3197-4E7F-5AB71E0E7606}.Release|Any CPU.Build.0 = Release|Any CPU
	EndGlobalSection
	GlobalSection(SolutionProperties) = preSolution
		HideSolutionNode = FALSE
	EndGlobalSection
	GlobalSection(ExtensibilityGlobals) = postSolution
		SolutionGuid = {89199462-CB11-46E5-A447-11893D844FEF}
	EndGlobalSection
EndGlobal
